
Microsoft Visual Studio Solution File, Format Version 12.00
# Visual Studio Version 17
VisualStudioVersion = 17.10.35004.147
MinimumVisualStudioVersion = 10.0.40219.1
Project("{FAE04EC0-301F-11D3-BF4B-00C04F79EFBC}") = "iterative-oo", "iterative-oo\iterative-oo.csproj", "{83B836A9-E6F6-4FCB-84A9-3C700536EDE2}"
EndProject
Global
	GlobalSection(SolutionConfigurationPlatforms) = preSolution
		Debug|Any CPU = Debug|Any CPU
		Release|Any CPU = Release|Any CPU
	EndGlobalSection
	GlobalSection(ProjectConfigurationPlatforms) = postSolution
		{83B836A9-E6F6-4FCB-84A9-3C700536EDE2}.Debug|Any CPU.ActiveCfg = Debug|Any CPU
		{83B836A9-E6F6-4FCB-84A9-3C700536EDE2}.Debug|Any CPU.Build.0 = Debug|Any CPU
		{83B836A9-E6F6-4FCB-84A9-3C700536EDE2}.Release|Any CPU.ActiveCfg = Release|Any CPU
		{83B836A9-E6F6-4FCB-84A9-3C700536EDE2}.Release|Any CPU.Build.0 = Release|Any CPU
	EndGlobalSection
	GlobalSection(SolutionProperties) = preSolution
		HideSolutionNode = FALSE
	EndGlobalSection
	GlobalSection(ExtensibilityGlobals) = postSolution
		SolutionGuid = {ECDA66B7-C2CE-42AD-A513-707D0A5ABB5A}
	EndGlobalSection
EndGlobal
